
Microsoft Visual Studio Solution File, Format Version 12.00
# Visual Studio 2013
VisualStudioVersion = 12.0.21005.1
MinimumVisualStudioVersion = 10.0.40219.1
Project("{FAE04EC0-301F-11D3-BF4B-00C04F79EFBC}") = "Alpha", "Alpha\Alpha.csproj", "{8A02FF7F-A4F8-4842-B992-3E5050D6988A}"
EndProject
Global
	GlobalSection(SolutionConfigurationPlatforms) = preSolution
		Debug|Any CPU = Debug|Any CPU
		Release|Any CPU = Release|Any CPU
	EndGlobalSection
	GlobalSection(ProjectConfigurationPlatforms) = postSolution
		{8A02FF7F-A4F8-4842-B992-3E5050D6988A}.Debug|Any CPU.ActiveCfg = Debug|Any CPU
		{8A02FF7F-A4F8-4842-B992-3E5050D6988A}.Debug|Any CPU.Build.0 = Debug|Any CPU
		{8A02FF7F-A4F8-4842-B992-3E5050D6988A}.Release|Any CPU.ActiveCfg = Release|Any CPU
		{8A02FF7F-A4F8-4842-B992-3E5050D6988A}.Release|Any CPU.Build.0 = Release|Any CPU
	EndGlobalSection
	GlobalSection(SolutionProperties) = preSolution
		HideSolutionNode = FALSE
	EndGlobalSection
EndGlobal
